// !$*UTF8*$!
{
	archiveVersion = 1;
	classes = {
	};
	objectVersion = 50;
	objects = {

/* Begin PBXBuildFile section */
		6F261DB421F8E4F2009C9F3A /* SRGNetworkParsers.h in Headers */ = {isa = PBXBuildFile; fileRef = 6F261DB221F8E4F2009C9F3A /* SRGNetworkParsers.h */; };
		6F261DB521F8E4F2009C9F3A /* SRGNetworkParsers.m in Sources */ = {isa = PBXBuildFile; fileRef = 6F261DB321F8E4F2009C9F3A /* SRGNetworkParsers.m */; };
		6F26A7602153BD4D005B775C /* NSHTTPURLResponse_NetworkTestCase.m in Sources */ = {isa = PBXBuildFile; fileRef = 6F26A75F2153BD4D005B775C /* NSHTTPURLResponse_NetworkTestCase.m */; };
		6F40353D21FF59A1003EFB29 /* NetworkActivityManagementTestCase.m in Sources */ = {isa = PBXBuildFile; fileRef = 6F40353C21FF59A1003EFB29 /* NetworkActivityManagementTestCase.m */; };
		6F676B0121F856E70066DDE8 /* SRGPageRequest.h in Headers */ = {isa = PBXBuildFile; fileRef = 6F676AFF21F856E60066DDE8 /* SRGPageRequest.h */; settings = {ATTRIBUTES = (Public, ); }; };
		6F676B0221F856E70066DDE8 /* SRGPageRequest.m in Sources */ = {isa = PBXBuildFile; fileRef = 6F676B0021F856E60066DDE8 /* SRGPageRequest.m */; };
		6F676B0521F857580066DDE8 /* SRGPage.h in Headers */ = {isa = PBXBuildFile; fileRef = 6F676B0321F857580066DDE8 /* SRGPage.h */; settings = {ATTRIBUTES = (Public, ); }; };
		6F676B0621F857580066DDE8 /* SRGPage.m in Sources */ = {isa = PBXBuildFile; fileRef = 6F676B0421F857580066DDE8 /* SRGPage.m */; };
		6F676B0921F8591B0066DDE8 /* SRGFirstPageRequest.h in Headers */ = {isa = PBXBuildFile; fileRef = 6F676B0721F8591B0066DDE8 /* SRGFirstPageRequest.h */; settings = {ATTRIBUTES = (Public, ); }; };
		6F676B0A21F8591B0066DDE8 /* SRGFirstPageRequest.m in Sources */ = {isa = PBXBuildFile; fileRef = 6F676B0821F8591B0066DDE8 /* SRGFirstPageRequest.m */; };
		6F676B0D21F870650066DDE8 /* SRGPage+Private.h in Headers */ = {isa = PBXBuildFile; fileRef = 6F676B0B21F870650066DDE8 /* SRGPage+Private.h */; };
		6F676B1421F890B00066DDE8 /* SRGPageRequest+Subclassing.h in Headers */ = {isa = PBXBuildFile; fileRef = 6F676B1321F890B00066DDE8 /* SRGPageRequest+Subclassing.h */; };
		6F6A09F72101BD11004568BD /* SRGNetwork.framework in Frameworks */ = {isa = PBXBuildFile; fileRef = 6F8A942320FF21EB00AA6434 /* SRGNetwork.framework */; };
		6F6A0A012101BEB7004568BD /* RequestTestCase.m in Sources */ = {isa = PBXBuildFile; fileRef = 6F6A09FF2101BEB7004568BD /* RequestTestCase.m */; };
		6F8030D321F99418003185E9 /* SRGBaseRequest.h in Headers */ = {isa = PBXBuildFile; fileRef = 6F8030D121F99418003185E9 /* SRGBaseRequest.h */; settings = {ATTRIBUTES = (Public, ); }; };
		6F8030D421F99418003185E9 /* SRGBaseRequest.m in Sources */ = {isa = PBXBuildFile; fileRef = 6F8030D221F99418003185E9 /* SRGBaseRequest.m */; };
		6F8030D721F9948F003185E9 /* SRGBaseRequest+Subclassing.h in Headers */ = {isa = PBXBuildFile; fileRef = 6F8030D521F9948F003185E9 /* SRGBaseRequest+Subclassing.h */; };
		6F8030DB21F9950C003185E9 /* SRGNetworkActivityManagement.h in Headers */ = {isa = PBXBuildFile; fileRef = 6F8030D921F9950C003185E9 /* SRGNetworkActivityManagement.h */; settings = {ATTRIBUTES = (Public, ); }; };
		6F8030DC21F9950C003185E9 /* SRGNetworkActivityManagement.m in Sources */ = {isa = PBXBuildFile; fileRef = 6F8030DA21F9950C003185E9 /* SRGNetworkActivityManagement.m */; };
		6F8030DF21F9A1FB003185E9 /* SRGNetworkActivityManagement+Private.h in Headers */ = {isa = PBXBuildFile; fileRef = 6F8030DD21F9A1FB003185E9 /* SRGNetworkActivityManagement+Private.h */; };
		6F8030E221F9AE2E003185E9 /* PageRequestTestCase.m in Sources */ = {isa = PBXBuildFile; fileRef = 6F8030E121F9AE2E003185E9 /* PageRequestTestCase.m */; };
		6F8A94442100566F00AA6434 /* SRGNetwork.h in Headers */ = {isa = PBXBuildFile; fileRef = 6F8A943C2100566F00AA6434 /* SRGNetwork.h */; settings = {ATTRIBUTES = (Public, ); }; };
		6F8A94462100566F00AA6434 /* NSBundle+SRGNetwork.h in Headers */ = {isa = PBXBuildFile; fileRef = 6F8A943F2100566F00AA6434 /* NSBundle+SRGNetwork.h */; };
		6F8A94472100566F00AA6434 /* NSBundle+SRGNetwork.m in Sources */ = {isa = PBXBuildFile; fileRef = 6F8A94402100566F00AA6434 /* NSBundle+SRGNetwork.m */; };
		6F8A94482100566F00AA6434 /* SRGNetwork.m in Sources */ = {isa = PBXBuildFile; fileRef = 6F8A94412100566F00AA6434 /* SRGNetwork.m */; };
		6F8A944C2100589E00AA6434 /* NSHTTPURLResponse+SRGNetwork.m in Sources */ = {isa = PBXBuildFile; fileRef = 6F8A944A2100589E00AA6434 /* NSHTTPURLResponse+SRGNetwork.m */; };
		6F8A944D2100589E00AA6434 /* NSHTTPURLResponse+SRGNetwork.h in Headers */ = {isa = PBXBuildFile; fileRef = 6F8A944B2100589E00AA6434 /* NSHTTPURLResponse+SRGNetwork.h */; settings = {ATTRIBUTES = (Public, ); }; };
		6F8A945021005D9400AA6434 /* SRGNetworkError.m in Sources */ = {isa = PBXBuildFile; fileRef = 6F8A944E21005D9400AA6434 /* SRGNetworkError.m */; };
		6F8A945121005D9400AA6434 /* SRGNetworkError.h in Headers */ = {isa = PBXBuildFile; fileRef = 6F8A944F21005D9400AA6434 /* SRGNetworkError.h */; settings = {ATTRIBUTES = (Public, ); }; };
		6F926BB7210F413D00D2E3D0 /* Localizable.strings in Resources */ = {isa = PBXBuildFile; fileRef = 6FCBFEEF210B5662006BC355 /* Localizable.strings */; };
		6F926BBA210F415100D2E3D0 /* SRGNetwork.bundle in Resources */ = {isa = PBXBuildFile; fileRef = 6F926BAF210F406D00D2E3D0 /* SRGNetwork.bundle */; };
		6FE9DB88219D5F0200BE1DD6 /* SRGRequestQueue.h in Headers */ = {isa = PBXBuildFile; fileRef = 6FE9DB7A219D5F0100BE1DD6 /* SRGRequestQueue.h */; settings = {ATTRIBUTES = (Public, ); }; };
		6FE9DB8B219D5F0200BE1DD6 /* SRGRequest.h in Headers */ = {isa = PBXBuildFile; fileRef = 6FE9DB7D219D5F0100BE1DD6 /* SRGRequest.h */; settings = {ATTRIBUTES = (Public, ); }; };
		6FE9DB8F219D5F0200BE1DD6 /* SRGRequest.m in Sources */ = {isa = PBXBuildFile; fileRef = 6FE9DB81219D5F0200BE1DD6 /* SRGRequest.m */; };
		6FE9DB95219D5F0200BE1DD6 /* SRGRequestQueue.m in Sources */ = {isa = PBXBuildFile; fileRef = 6FE9DB87219D5F0200BE1DD6 /* SRGRequestQueue.m */; };
		6FE9DB98219D654D00BE1DD6 /* libextobjc.framework in Frameworks */ = {isa = PBXBuildFile; fileRef = 6FE9DB97219D654D00BE1DD6 /* libextobjc.framework */; };
		6FE9DB99219D656D00BE1DD6 /* libextobjc.framework in Frameworks */ = {isa = PBXBuildFile; fileRef = 6FE9DB97219D654D00BE1DD6 /* libextobjc.framework */; };
		6FE9DB9B219D659000BE1DD6 /* libextobjc.framework in CopyFiles */ = {isa = PBXBuildFile; fileRef = 6FE9DB97219D654D00BE1DD6 /* libextobjc.framework */; settings = {ATTRIBUTES = (CodeSignOnCopy, RemoveHeadersOnCopy, ); }; };
		6FE9DB9D219D798400BE1DD6 /* MAKVONotificationCenter.framework in Frameworks */ = {isa = PBXBuildFile; fileRef = 6FE9DB9C219D798400BE1DD6 /* MAKVONotificationCenter.framework */; };
		6FE9DB9E219D799D00BE1DD6 /* MAKVONotificationCenter.framework in Frameworks */ = {isa = PBXBuildFile; fileRef = 6FE9DB9C219D798400BE1DD6 /* MAKVONotificationCenter.framework */; };
		6FE9DB9F219D79A500BE1DD6 /* MAKVONotificationCenter.framework in CopyFiles */ = {isa = PBXBuildFile; fileRef = 6FE9DB9C219D798400BE1DD6 /* MAKVONotificationCenter.framework */; settings = {ATTRIBUTES = (CodeSignOnCopy, RemoveHeadersOnCopy, ); }; };
		6FE9DBA1219D7AE200BE1DD6 /* SRGLogger.framework in Frameworks */ = {isa = PBXBuildFile; fileRef = 6FE9DBA0219D7AE200BE1DD6 /* SRGLogger.framework */; };
		6FE9DBA2219D7AF500BE1DD6 /* SRGLogger.framework in Frameworks */ = {isa = PBXBuildFile; fileRef = 6FE9DBA0219D7AE200BE1DD6 /* SRGLogger.framework */; };
		6FE9DBA3219D7AFB00BE1DD6 /* SRGLogger.framework in CopyFiles */ = {isa = PBXBuildFile; fileRef = 6FE9DBA0219D7AE200BE1DD6 /* SRGLogger.framework */; settings = {ATTRIBUTES = (CodeSignOnCopy, RemoveHeadersOnCopy, ); }; };
		6FE9DBA5219D7C1700BE1DD6 /* SRGNetworkLogger.h in Headers */ = {isa = PBXBuildFile; fileRef = 6FE9DBA4219D7C1700BE1DD6 /* SRGNetworkLogger.h */; };
		6FE9DBA921A2CE6D00BE1DD6 /* RequestQueueTestCase.m in Sources */ = {isa = PBXBuildFile; fileRef = 6FE9DBA821A2CE6D00BE1DD6 /* RequestQueueTestCase.m */; };
		6FE9DBAD21A2CEAD00BE1DD6 /* NetworkBaseTestCase.m in Sources */ = {isa = PBXBuildFile; fileRef = 6FE9DBAB21A2CEAD00BE1DD6 /* NetworkBaseTestCase.m */; };
/* End PBXBuildFile section */

/* Begin PBXContainerItemProxy section */
		6F6A09F82101BD11004568BD /* PBXContainerItemProxy */ = {
			isa = PBXContainerItemProxy;
			containerPortal = 6F8A941A20FF21EB00AA6434 /* Project object */;
			proxyType = 1;
			remoteGlobalIDString = 6F8A942220FF21EB00AA6434;
			remoteInfo = SRGNetwork;
		};
		6F926BB8210F414C00D2E3D0 /* PBXContainerItemProxy */ = {
			isa = PBXContainerItemProxy;
			containerPortal = 6F8A941A20FF21EB00AA6434 /* Project object */;
			proxyType = 1;
			remoteGlobalIDString = 6F926BAE210F406D00D2E3D0;
			remoteInfo = "SRGNetwork-resources";
		};
/* End PBXContainerItemProxy section */

/* Begin PBXCopyFilesBuildPhase section */
		6FE9DB9A219D658600BE1DD6 /* CopyFiles */ = {
			isa = PBXCopyFilesBuildPhase;
			buildActionMask = 2147483647;
			dstPath = "";
			dstSubfolderSpec = 10;
			files = (
				6FE9DBA3219D7AFB00BE1DD6 /* SRGLogger.framework in CopyFiles */,
				6FE9DB9F219D79A500BE1DD6 /* MAKVONotificationCenter.framework in CopyFiles */,
				6FE9DB9B219D659000BE1DD6 /* libextobjc.framework in CopyFiles */,
			);
			runOnlyForDeploymentPostprocessing = 0;
		};
/* End PBXCopyFilesBuildPhase section */

/* Begin PBXFileReference section */
		6F261DB221F8E4F2009C9F3A /* SRGNetworkParsers.h */ = {isa = PBXFileReference; lastKnownFileType = sourcecode.c.h; path = SRGNetworkParsers.h; sourceTree = "<group>"; };
		6F261DB321F8E4F2009C9F3A /* SRGNetworkParsers.m */ = {isa = PBXFileReference; lastKnownFileType = sourcecode.c.objc; path = SRGNetworkParsers.m; sourceTree = "<group>"; };
		6F26A75F2153BD4D005B775C /* NSHTTPURLResponse_NetworkTestCase.m */ = {isa = PBXFileReference; fileEncoding = 4; lastKnownFileType = sourcecode.c.objc; path = NSHTTPURLResponse_NetworkTestCase.m; sourceTree = "<group>"; };
		6F40353C21FF59A1003EFB29 /* NetworkActivityManagementTestCase.m */ = {isa = PBXFileReference; fileEncoding = 4; lastKnownFileType = sourcecode.c.objc; path = NetworkActivityManagementTestCase.m; sourceTree = "<group>"; };
		6F676AFF21F856E60066DDE8 /* SRGPageRequest.h */ = {isa = PBXFileReference; fileEncoding = 4; lastKnownFileType = sourcecode.c.h; path = SRGPageRequest.h; sourceTree = "<group>"; };
		6F676B0021F856E60066DDE8 /* SRGPageRequest.m */ = {isa = PBXFileReference; fileEncoding = 4; lastKnownFileType = sourcecode.c.objc; path = SRGPageRequest.m; sourceTree = "<group>"; };
		6F676B0321F857580066DDE8 /* SRGPage.h */ = {isa = PBXFileReference; lastKnownFileType = sourcecode.c.h; path = SRGPage.h; sourceTree = "<group>"; };
		6F676B0421F857580066DDE8 /* SRGPage.m */ = {isa = PBXFileReference; lastKnownFileType = sourcecode.c.objc; path = SRGPage.m; sourceTree = "<group>"; };
		6F676B0721F8591B0066DDE8 /* SRGFirstPageRequest.h */ = {isa = PBXFileReference; lastKnownFileType = sourcecode.c.h; path = SRGFirstPageRequest.h; sourceTree = "<group>"; };
		6F676B0821F8591B0066DDE8 /* SRGFirstPageRequest.m */ = {isa = PBXFileReference; lastKnownFileType = sourcecode.c.objc; path = SRGFirstPageRequest.m; sourceTree = "<group>"; };
		6F676B0B21F870650066DDE8 /* SRGPage+Private.h */ = {isa = PBXFileReference; lastKnownFileType = sourcecode.c.h; path = "SRGPage+Private.h"; sourceTree = "<group>"; };
		6F676B1321F890B00066DDE8 /* SRGPageRequest+Subclassing.h */ = {isa = PBXFileReference; fileEncoding = 4; lastKnownFileType = sourcecode.c.h; path = "SRGPageRequest+Subclassing.h"; sourceTree = "<group>"; };
		6F6A09F22101BD11004568BD /* SRGNetwork-tests.xctest */ = {isa = PBXFileReference; explicitFileType = wrapper.cfbundle; includeInIndex = 0; path = "SRGNetwork-tests.xctest"; sourceTree = BUILT_PRODUCTS_DIR; };
		6F6A09FF2101BEB7004568BD /* RequestTestCase.m */ = {isa = PBXFileReference; fileEncoding = 4; lastKnownFileType = sourcecode.c.objc; path = RequestTestCase.m; sourceTree = "<group>"; };
		6F6A0A002101BEB7004568BD /* Info.plist */ = {isa = PBXFileReference; fileEncoding = 4; lastKnownFileType = text.plist.xml; path = Info.plist; sourceTree = "<group>"; };
		6F8030D121F99418003185E9 /* SRGBaseRequest.h */ = {isa = PBXFileReference; lastKnownFileType = sourcecode.c.h; path = SRGBaseRequest.h; sourceTree = "<group>"; };
		6F8030D221F99418003185E9 /* SRGBaseRequest.m */ = {isa = PBXFileReference; lastKnownFileType = sourcecode.c.objc; path = SRGBaseRequest.m; sourceTree = "<group>"; };
		6F8030D521F9948F003185E9 /* SRGBaseRequest+Subclassing.h */ = {isa = PBXFileReference; lastKnownFileType = sourcecode.c.h; path = "SRGBaseRequest+Subclassing.h"; sourceTree = "<group>"; };
		6F8030D921F9950C003185E9 /* SRGNetworkActivityManagement.h */ = {isa = PBXFileReference; lastKnownFileType = sourcecode.c.h; path = SRGNetworkActivityManagement.h; sourceTree = "<group>"; };
		6F8030DA21F9950C003185E9 /* SRGNetworkActivityManagement.m */ = {isa = PBXFileReference; lastKnownFileType = sourcecode.c.objc; path = SRGNetworkActivityManagement.m; sourceTree = "<group>"; };
		6F8030DD21F9A1FB003185E9 /* SRGNetworkActivityManagement+Private.h */ = {isa = PBXFileReference; lastKnownFileType = sourcecode.c.h; path = "SRGNetworkActivityManagement+Private.h"; sourceTree = "<group>"; };
		6F8030E121F9AE2E003185E9 /* PageRequestTestCase.m */ = {isa = PBXFileReference; fileEncoding = 4; lastKnownFileType = sourcecode.c.objc; path = PageRequestTestCase.m; sourceTree = "<group>"; };
		6F8A942320FF21EB00AA6434 /* SRGNetwork.framework */ = {isa = PBXFileReference; explicitFileType = wrapper.framework; includeInIndex = 0; path = SRGNetwork.framework; sourceTree = BUILT_PRODUCTS_DIR; };
		6F8A943C2100566F00AA6434 /* SRGNetwork.h */ = {isa = PBXFileReference; fileEncoding = 4; lastKnownFileType = sourcecode.c.h; path = SRGNetwork.h; sourceTree = "<group>"; };
		6F8A943F2100566F00AA6434 /* NSBundle+SRGNetwork.h */ = {isa = PBXFileReference; fileEncoding = 4; lastKnownFileType = sourcecode.c.h; path = "NSBundle+SRGNetwork.h"; sourceTree = "<group>"; };
		6F8A94402100566F00AA6434 /* NSBundle+SRGNetwork.m */ = {isa = PBXFileReference; fileEncoding = 4; lastKnownFileType = sourcecode.c.objc; path = "NSBundle+SRGNetwork.m"; sourceTree = "<group>"; };
		6F8A94412100566F00AA6434 /* SRGNetwork.m */ = {isa = PBXFileReference; fileEncoding = 4; lastKnownFileType = sourcecode.c.objc; path = SRGNetwork.m; sourceTree = "<group>"; };
		6F8A94422100566F00AA6434 /* Info.plist */ = {isa = PBXFileReference; fileEncoding = 4; lastKnownFileType = text.plist.xml; path = Info.plist; sourceTree = "<group>"; };
		6F8A944A2100589E00AA6434 /* NSHTTPURLResponse+SRGNetwork.m */ = {isa = PBXFileReference; fileEncoding = 4; lastKnownFileType = sourcecode.c.objc; path = "NSHTTPURLResponse+SRGNetwork.m"; sourceTree = "<group>"; };
		6F8A944B2100589E00AA6434 /* NSHTTPURLResponse+SRGNetwork.h */ = {isa = PBXFileReference; fileEncoding = 4; lastKnownFileType = sourcecode.c.h; path = "NSHTTPURLResponse+SRGNetwork.h"; sourceTree = "<group>"; };
		6F8A944E21005D9400AA6434 /* SRGNetworkError.m */ = {isa = PBXFileReference; fileEncoding = 4; lastKnownFileType = sourcecode.c.objc; path = SRGNetworkError.m; sourceTree = "<group>"; };
		6F8A944F21005D9400AA6434 /* SRGNetworkError.h */ = {isa = PBXFileReference; fileEncoding = 4; lastKnownFileType = sourcecode.c.h; path = SRGNetworkError.h; sourceTree = "<group>"; };
		6F926BAF210F406D00D2E3D0 /* SRGNetwork.bundle */ = {isa = PBXFileReference; explicitFileType = wrapper.cfbundle; includeInIndex = 0; path = SRGNetwork.bundle; sourceTree = BUILT_PRODUCTS_DIR; };
		6FCBFEF0210B5662006BC355 /* en */ = {isa = PBXFileReference; lastKnownFileType = text.plist.strings; name = en; path = en.lproj/Localizable.strings; sourceTree = "<group>"; };
		6FCBFEF2210B56AC006BC355 /* fr */ = {isa = PBXFileReference; lastKnownFileType = text.plist.strings; name = fr; path = fr.lproj/Localizable.strings; sourceTree = "<group>"; };
		6FCBFEF3210B56AC006BC355 /* it */ = {isa = PBXFileReference; lastKnownFileType = text.plist.strings; name = it; path = it.lproj/Localizable.strings; sourceTree = "<group>"; };
		6FCBFEF4210B56AC006BC355 /* de */ = {isa = PBXFileReference; lastKnownFileType = text.plist.strings; name = de; path = de.lproj/Localizable.strings; sourceTree = "<group>"; };
		6FCBFEF5210B56AC006BC355 /* rm */ = {isa = PBXFileReference; lastKnownFileType = text.plist.strings; name = rm; path = rm.lproj/Localizable.strings; sourceTree = "<group>"; };
		6FE9DB7A219D5F0100BE1DD6 /* SRGRequestQueue.h */ = {isa = PBXFileReference; fileEncoding = 4; lastKnownFileType = sourcecode.c.h; path = SRGRequestQueue.h; sourceTree = "<group>"; };
		6FE9DB7D219D5F0100BE1DD6 /* SRGRequest.h */ = {isa = PBXFileReference; fileEncoding = 4; lastKnownFileType = sourcecode.c.h; path = SRGRequest.h; sourceTree = "<group>"; };
		6FE9DB81219D5F0200BE1DD6 /* SRGRequest.m */ = {isa = PBXFileReference; fileEncoding = 4; lastKnownFileType = sourcecode.c.objc; path = SRGRequest.m; sourceTree = "<group>"; };
		6FE9DB87219D5F0200BE1DD6 /* SRGRequestQueue.m */ = {isa = PBXFileReference; fileEncoding = 4; lastKnownFileType = sourcecode.c.objc; path = SRGRequestQueue.m; sourceTree = "<group>"; };
		6FE9DB97219D654D00BE1DD6 /* libextobjc.framework */ = {isa = PBXFileReference; lastKnownFileType = wrapper.framework; name = libextobjc.framework; path = Carthage/Build/iOS/libextobjc.framework; sourceTree = "<group>"; };
		6FE9DB9C219D798400BE1DD6 /* MAKVONotificationCenter.framework */ = {isa = PBXFileReference; lastKnownFileType = wrapper.framework; name = MAKVONotificationCenter.framework; path = Carthage/Build/iOS/MAKVONotificationCenter.framework; sourceTree = "<group>"; };
		6FE9DBA0219D7AE200BE1DD6 /* SRGLogger.framework */ = {isa = PBXFileReference; lastKnownFileType = wrapper.framework; name = SRGLogger.framework; path = Carthage/Build/iOS/SRGLogger.framework; sourceTree = "<group>"; };
		6FE9DBA4219D7C1700BE1DD6 /* SRGNetworkLogger.h */ = {isa = PBXFileReference; fileEncoding = 4; lastKnownFileType = sourcecode.c.h; path = SRGNetworkLogger.h; sourceTree = "<group>"; };
		6FE9DBA821A2CE6D00BE1DD6 /* RequestQueueTestCase.m */ = {isa = PBXFileReference; fileEncoding = 4; lastKnownFileType = sourcecode.c.objc; path = RequestQueueTestCase.m; sourceTree = "<group>"; };
		6FE9DBAB21A2CEAD00BE1DD6 /* NetworkBaseTestCase.m */ = {isa = PBXFileReference; fileEncoding = 4; lastKnownFileType = sourcecode.c.objc; path = NetworkBaseTestCase.m; sourceTree = "<group>"; };
		6FE9DBAC21A2CEAD00BE1DD6 /* NetworkBaseTestCase.h */ = {isa = PBXFileReference; fileEncoding = 4; lastKnownFileType = sourcecode.c.h; path = NetworkBaseTestCase.h; sourceTree = "<group>"; };
/* End PBXFileReference section */

/* Begin PBXFrameworksBuildPhase section */
		6F6A09EF2101BD11004568BD /* Frameworks */ = {
			isa = PBXFrameworksBuildPhase;
			buildActionMask = 2147483647;
			files = (
				6FE9DBA2219D7AF500BE1DD6 /* SRGLogger.framework in Frameworks */,
				6FE9DB9E219D799D00BE1DD6 /* MAKVONotificationCenter.framework in Frameworks */,
				6FE9DB99219D656D00BE1DD6 /* libextobjc.framework in Frameworks */,
				6F6A09F72101BD11004568BD /* SRGNetwork.framework in Frameworks */,
			);
			runOnlyForDeploymentPostprocessing = 0;
		};
		6F8A941F20FF21EB00AA6434 /* Frameworks */ = {
			isa = PBXFrameworksBuildPhase;
			buildActionMask = 2147483647;
			files = (
				6FE9DBA1219D7AE200BE1DD6 /* SRGLogger.framework in Frameworks */,
				6FE9DB9D219D798400BE1DD6 /* MAKVONotificationCenter.framework in Frameworks */,
				6FE9DB98219D654D00BE1DD6 /* libextobjc.framework in Frameworks */,
			);
			runOnlyForDeploymentPostprocessing = 0;
		};
		6F926BAC210F406D00D2E3D0 /* Frameworks */ = {
			isa = PBXFrameworksBuildPhase;
			buildActionMask = 2147483647;
			files = (
			);
			runOnlyForDeploymentPostprocessing = 0;
		};
/* End PBXFrameworksBuildPhase section */

/* Begin PBXGroup section */
		6F6A09FD2101BEB7004568BD /* Tests */ = {
			isa = PBXGroup;
			children = (
				6F6A09FE2101BEB7004568BD /* Sources */,
				6F6A0A002101BEB7004568BD /* Info.plist */,
			);
			path = Tests;
			sourceTree = "<group>";
		};
		6F6A09FE2101BEB7004568BD /* Sources */ = {
			isa = PBXGroup;
			children = (
				6FE9DBAA21A2CEAD00BE1DD6 /* Helpers */,
				6F40353C21FF59A1003EFB29 /* NetworkActivityManagementTestCase.m */,
				6F26A75F2153BD4D005B775C /* NSHTTPURLResponse_NetworkTestCase.m */,
				6F8030E121F9AE2E003185E9 /* PageRequestTestCase.m */,
				6FE9DBA821A2CE6D00BE1DD6 /* RequestQueueTestCase.m */,
				6F6A09FF2101BEB7004568BD /* RequestTestCase.m */,
			);
			path = Sources;
			sourceTree = "<group>";
		};
		6F8A941920FF21EB00AA6434 = {
			isa = PBXGroup;
			children = (
				6F8A94392100566F00AA6434 /* Framework */,
				6F6A09FD2101BEB7004568BD /* Tests */,
				6F8A942420FF21EB00AA6434 /* Products */,
				6FE9DB96219D654D00BE1DD6 /* Frameworks */,
			);
			sourceTree = "<group>";
		};
		6F8A942420FF21EB00AA6434 /* Products */ = {
			isa = PBXGroup;
			children = (
				6F8A942320FF21EB00AA6434 /* SRGNetwork.framework */,
				6F6A09F22101BD11004568BD /* SRGNetwork-tests.xctest */,
				6F926BAF210F406D00D2E3D0 /* SRGNetwork.bundle */,
			);
			name = Products;
			sourceTree = "<group>";
		};
		6F8A94392100566F00AA6434 /* Framework */ = {
			isa = PBXGroup;
			children = (
				6F8A943A2100566F00AA6434 /* Sources */,
				6FCBFEEE210B564B006BC355 /* Resources */,
				6F8A94422100566F00AA6434 /* Info.plist */,
			);
			path = Framework;
			sourceTree = "<group>";
		};
		6F8A943A2100566F00AA6434 /* Sources */ = {
			isa = PBXGroup;
			children = (
				6F8A943E2100566F00AA6434 /* Categories */,
				6F8030D121F99418003185E9 /* SRGBaseRequest.h */,
				6F8030D221F99418003185E9 /* SRGBaseRequest.m */,
				6F8030D521F9948F003185E9 /* SRGBaseRequest+Subclassing.h */,
				6F676B0721F8591B0066DDE8 /* SRGFirstPageRequest.h */,
				6F676B0821F8591B0066DDE8 /* SRGFirstPageRequest.m */,
				6F8A943C2100566F00AA6434 /* SRGNetwork.h */,
				6F8A94412100566F00AA6434 /* SRGNetwork.m */,
				6F8030D921F9950C003185E9 /* SRGNetworkActivityManagement.h */,
				6F8030DA21F9950C003185E9 /* SRGNetworkActivityManagement.m */,
				6F8030DD21F9A1FB003185E9 /* SRGNetworkActivityManagement+Private.h */,
				6F8A944F21005D9400AA6434 /* SRGNetworkError.h */,
				6F8A944E21005D9400AA6434 /* SRGNetworkError.m */,
				6FE9DBA4219D7C1700BE1DD6 /* SRGNetworkLogger.h */,
				6F261DB221F8E4F2009C9F3A /* SRGNetworkParsers.h */,
				6F261DB321F8E4F2009C9F3A /* SRGNetworkParsers.m */,
				6F676B0321F857580066DDE8 /* SRGPage.h */,
				6F676B0421F857580066DDE8 /* SRGPage.m */,
				6F676B0B21F870650066DDE8 /* SRGPage+Private.h */,
				6F676AFF21F856E60066DDE8 /* SRGPageRequest.h */,
				6F676B0021F856E60066DDE8 /* SRGPageRequest.m */,
				6F676B1321F890B00066DDE8 /* SRGPageRequest+Subclassing.h */,
				6FE9DB7D219D5F0100BE1DD6 /* SRGRequest.h */,
				6FE9DB81219D5F0200BE1DD6 /* SRGRequest.m */,
				6FE9DB7A219D5F0100BE1DD6 /* SRGRequestQueue.h */,
				6FE9DB87219D5F0200BE1DD6 /* SRGRequestQueue.m */,
			);
			path = Sources;
			sourceTree = "<group>";
		};
		6F8A943E2100566F00AA6434 /* Categories */ = {
			isa = PBXGroup;
			children = (
				6F8A943F2100566F00AA6434 /* NSBundle+SRGNetwork.h */,
				6F8A94402100566F00AA6434 /* NSBundle+SRGNetwork.m */,
				6F8A944B2100589E00AA6434 /* NSHTTPURLResponse+SRGNetwork.h */,
				6F8A944A2100589E00AA6434 /* NSHTTPURLResponse+SRGNetwork.m */,
			);
			path = Categories;
			sourceTree = "<group>";
		};
		6FCBFEEE210B564B006BC355 /* Resources */ = {
			isa = PBXGroup;
			children = (
				6FCBFEEF210B5662006BC355 /* Localizable.strings */,
			);
			path = Resources;
			sourceTree = "<group>";
		};
		6FE9DB96219D654D00BE1DD6 /* Frameworks */ = {
			isa = PBXGroup;
			children = (
				6FE9DBA0219D7AE200BE1DD6 /* SRGLogger.framework */,
				6FE9DB9C219D798400BE1DD6 /* MAKVONotificationCenter.framework */,
				6FE9DB97219D654D00BE1DD6 /* libextobjc.framework */,
			);
			name = Frameworks;
			sourceTree = "<group>";
		};
		6FE9DBAA21A2CEAD00BE1DD6 /* Helpers */ = {
			isa = PBXGroup;
			children = (
				6FE9DBAB21A2CEAD00BE1DD6 /* NetworkBaseTestCase.m */,
				6FE9DBAC21A2CEAD00BE1DD6 /* NetworkBaseTestCase.h */,
			);
			path = Helpers;
			sourceTree = "<group>";
		};
/* End PBXGroup section */

/* Begin PBXHeadersBuildPhase section */
		6F8A942020FF21EB00AA6434 /* Headers */ = {
			isa = PBXHeadersBuildPhase;
			buildActionMask = 2147483647;
			files = (
				6F676B0121F856E70066DDE8 /* SRGPageRequest.h in Headers */,
				6F8A944D2100589E00AA6434 /* NSHTTPURLResponse+SRGNetwork.h in Headers */,
				6F8A945121005D9400AA6434 /* SRGNetworkError.h in Headers */,
				6F8A94442100566F00AA6434 /* SRGNetwork.h in Headers */,
				6F676B0D21F870650066DDE8 /* SRGPage+Private.h in Headers */,
				6F8030D321F99418003185E9 /* SRGBaseRequest.h in Headers */,
				6F8030DB21F9950C003185E9 /* SRGNetworkActivityManagement.h in Headers */,
				6F8030DF21F9A1FB003185E9 /* SRGNetworkActivityManagement+Private.h in Headers */,
				6F8A94462100566F00AA6434 /* NSBundle+SRGNetwork.h in Headers */,
				6FE9DBA5219D7C1700BE1DD6 /* SRGNetworkLogger.h in Headers */,
				6F676B1421F890B00066DDE8 /* SRGPageRequest+Subclassing.h in Headers */,
				6F676B0521F857580066DDE8 /* SRGPage.h in Headers */,
				6F676B0921F8591B0066DDE8 /* SRGFirstPageRequest.h in Headers */,
				6F8030D721F9948F003185E9 /* SRGBaseRequest+Subclassing.h in Headers */,
				6F261DB421F8E4F2009C9F3A /* SRGNetworkParsers.h in Headers */,
				6FE9DB88219D5F0200BE1DD6 /* SRGRequestQueue.h in Headers */,
				6FE9DB8B219D5F0200BE1DD6 /* SRGRequest.h in Headers */,
			);
			runOnlyForDeploymentPostprocessing = 0;
		};
/* End PBXHeadersBuildPhase section */

/* Begin PBXNativeTarget section */
		6F6A09F12101BD11004568BD /* SRGNetwork-tests */ = {
			isa = PBXNativeTarget;
			buildConfigurationList = 6F6A09FA2101BD11004568BD /* Build configuration list for PBXNativeTarget "SRGNetwork-tests" */;
			buildPhases = (
				6F6A09EE2101BD11004568BD /* Sources */,
				6F6A09EF2101BD11004568BD /* Frameworks */,
				6F6A09F02101BD11004568BD /* Resources */,
				6FE9DB9A219D658600BE1DD6 /* CopyFiles */,
			);
			buildRules = (
			);
			dependencies = (
				6F6A09F92101BD11004568BD /* PBXTargetDependency */,
			);
			name = "SRGNetwork-tests";
			productName = "SRGNetwork-tests";
			productReference = 6F6A09F22101BD11004568BD /* SRGNetwork-tests.xctest */;
			productType = "com.apple.product-type.bundle.unit-test";
		};
		6F8A942220FF21EB00AA6434 /* SRGNetwork */ = {
			isa = PBXNativeTarget;
			buildConfigurationList = 6F8A942B20FF21EB00AA6434 /* Build configuration list for PBXNativeTarget "SRGNetwork" */;
			buildPhases = (
				6F8A941E20FF21EB00AA6434 /* Sources */,
				6F8A941F20FF21EB00AA6434 /* Frameworks */,
				6F8A942020FF21EB00AA6434 /* Headers */,
				6F8A942120FF21EB00AA6434 /* Resources */,
			);
			buildRules = (
			);
			dependencies = (
				6F926BB9210F414C00D2E3D0 /* PBXTargetDependency */,
			);
			name = SRGNetwork;
			productName = SRGNetwork;
			productReference = 6F8A942320FF21EB00AA6434 /* SRGNetwork.framework */;
			productType = "com.apple.product-type.framework";
		};
		6F926BAE210F406D00D2E3D0 /* SRGNetwork-resources */ = {
			isa = PBXNativeTarget;
			buildConfigurationList = 6F926BB2210F406D00D2E3D0 /* Build configuration list for PBXNativeTarget "SRGNetwork-resources" */;
			buildPhases = (
				6F926BAB210F406D00D2E3D0 /* Sources */,
				6F926BAC210F406D00D2E3D0 /* Frameworks */,
				6F926BAD210F406D00D2E3D0 /* Resources */,
			);
			buildRules = (
			);
			dependencies = (
			);
			name = "SRGNetwork-resources";
			productName = "SRGNetwork-resources";
			productReference = 6F926BAF210F406D00D2E3D0 /* SRGNetwork.bundle */;
			productType = "com.apple.product-type.bundle";
		};
/* End PBXNativeTarget section */

/* Begin PBXProject section */
		6F8A941A20FF21EB00AA6434 /* Project object */ = {
			isa = PBXProject;
			attributes = {
				LastUpgradeCheck = 1000;
				ORGANIZATIONNAME = "SRG SSR";
				TargetAttributes = {
					6F6A09F12101BD11004568BD = {
						CreatedOnToolsVersion = 9.4;
					};
					6F8A942220FF21EB00AA6434 = {
						CreatedOnToolsVersion = 9.4;
					};
					6F926BAE210F406D00D2E3D0 = {
						CreatedOnToolsVersion = 9.4;
					};
				};
			};
			buildConfigurationList = 6F8A941D20FF21EB00AA6434 /* Build configuration list for PBXProject "SRGNetwork" */;
			compatibilityVersion = "Xcode 9.3";
			developmentRegion = en;
			hasScannedForEncodings = 0;
			knownRegions = (
				en,
				fr,
				it,
				de,
				rm,
			);
			mainGroup = 6F8A941920FF21EB00AA6434;
			productRefGroup = 6F8A942420FF21EB00AA6434 /* Products */;
			projectDirPath = "";
			projectRoot = "";
			targets = (
				6F8A942220FF21EB00AA6434 /* SRGNetwork */,
				6F926BAE210F406D00D2E3D0 /* SRGNetwork-resources */,
				6F6A09F12101BD11004568BD /* SRGNetwork-tests */,
			);
		};
/* End PBXProject section */

/* Begin PBXResourcesBuildPhase section */
		6F6A09F02101BD11004568BD /* Resources */ = {
			isa = PBXResourcesBuildPhase;
			buildActionMask = 2147483647;
			files = (
			);
			runOnlyForDeploymentPostprocessing = 0;
		};
		6F8A942120FF21EB00AA6434 /* Resources */ = {
			isa = PBXResourcesBuildPhase;
			buildActionMask = 2147483647;
			files = (
				6F926BBA210F415100D2E3D0 /* SRGNetwork.bundle in Resources */,
			);
			runOnlyForDeploymentPostprocessing = 0;
		};
		6F926BAD210F406D00D2E3D0 /* Resources */ = {
			isa = PBXResourcesBuildPhase;
			buildActionMask = 2147483647;
			files = (
				6F926BB7210F413D00D2E3D0 /* Localizable.strings in Resources */,
			);
			runOnlyForDeploymentPostprocessing = 0;
		};
/* End PBXResourcesBuildPhase section */

/* Begin PBXSourcesBuildPhase section */
		6F6A09EE2101BD11004568BD /* Sources */ = {
			isa = PBXSourcesBuildPhase;
			buildActionMask = 2147483647;
			files = (
				6F26A7602153BD4D005B775C /* NSHTTPURLResponse_NetworkTestCase.m in Sources */,
				6FE9DBAD21A2CEAD00BE1DD6 /* NetworkBaseTestCase.m in Sources */,
				6F40353D21FF59A1003EFB29 /* NetworkActivityManagementTestCase.m in Sources */,
				6F8030E221F9AE2E003185E9 /* PageRequestTestCase.m in Sources */,
				6FE9DBA921A2CE6D00BE1DD6 /* RequestQueueTestCase.m in Sources */,
				6F6A0A012101BEB7004568BD /* RequestTestCase.m in Sources */,
			);
			runOnlyForDeploymentPostprocessing = 0;
		};
		6F8A941E20FF21EB00AA6434 /* Sources */ = {
			isa = PBXSourcesBuildPhase;
			buildActionMask = 2147483647;
			files = (
				6F8A94472100566F00AA6434 /* NSBundle+SRGNetwork.m in Sources */,
				6F8A945021005D9400AA6434 /* SRGNetworkError.m in Sources */,
				6F676B0A21F8591B0066DDE8 /* SRGFirstPageRequest.m in Sources */,
				6F8030D421F99418003185E9 /* SRGBaseRequest.m in Sources */,
				6F261DB521F8E4F2009C9F3A /* SRGNetworkParsers.m in Sources */,
				6F8A944C2100589E00AA6434 /* NSHTTPURLResponse+SRGNetwork.m in Sources */,
				6F8A94482100566F00AA6434 /* SRGNetwork.m in Sources */,
				6FE9DB95219D5F0200BE1DD6 /* SRGRequestQueue.m in Sources */,
				6F676B0621F857580066DDE8 /* SRGPage.m in Sources */,
				6F8030DC21F9950C003185E9 /* SRGNetworkActivityManagement.m in Sources */,
				6FE9DB8F219D5F0200BE1DD6 /* SRGRequest.m in Sources */,
				6F676B0221F856E70066DDE8 /* SRGPageRequest.m in Sources */,
			);
			runOnlyForDeploymentPostprocessing = 0;
		};
		6F926BAB210F406D00D2E3D0 /* Sources */ = {
			isa = PBXSourcesBuildPhase;
			buildActionMask = 2147483647;
			files = (
			);
			runOnlyForDeploymentPostprocessing = 0;
		};
/* End PBXSourcesBuildPhase section */

/* Begin PBXTargetDependency section */
		6F6A09F92101BD11004568BD /* PBXTargetDependency */ = {
			isa = PBXTargetDependency;
			target = 6F8A942220FF21EB00AA6434 /* SRGNetwork */;
			targetProxy = 6F6A09F82101BD11004568BD /* PBXContainerItemProxy */;
		};
		6F926BB9210F414C00D2E3D0 /* PBXTargetDependency */ = {
			isa = PBXTargetDependency;
			target = 6F926BAE210F406D00D2E3D0 /* SRGNetwork-resources */;
			targetProxy = 6F926BB8210F414C00D2E3D0 /* PBXContainerItemProxy */;
		};
/* End PBXTargetDependency section */

/* Begin PBXVariantGroup section */
		6FCBFEEF210B5662006BC355 /* Localizable.strings */ = {
			isa = PBXVariantGroup;
			children = (
				6FCBFEF0210B5662006BC355 /* en */,
				6FCBFEF2210B56AC006BC355 /* fr */,
				6FCBFEF3210B56AC006BC355 /* it */,
				6FCBFEF4210B56AC006BC355 /* de */,
				6FCBFEF5210B56AC006BC355 /* rm */,
			);
			name = Localizable.strings;
			sourceTree = "<group>";
		};
/* End PBXVariantGroup section */

/* Begin XCBuildConfiguration section */
		6F6A09FB2101BD11004568BD /* Debug */ = {
			isa = XCBuildConfiguration;
			buildSettings = {
				CODE_SIGN_STYLE = Automatic;
				FRAMEWORK_SEARCH_PATHS = (
					"$(inherited)",
					"$(PROJECT_DIR)/Carthage/Build/iOS",
				);
				INFOPLIST_FILE = Tests/Info.plist;
				LD_RUNPATH_SEARCH_PATHS = (
					"$(inherited)",
					"@executable_path/Frameworks",
					"@loader_path/Frameworks",
				);
				PRODUCT_BUNDLE_IDENTIFIER = "ch.srgssr.SRGNetwork-tests";
				PRODUCT_NAME = "$(TARGET_NAME)";
			};
			name = Debug;
		};
		6F6A09FC2101BD11004568BD /* Release */ = {
			isa = XCBuildConfiguration;
			buildSettings = {
				CODE_SIGN_STYLE = Automatic;
				FRAMEWORK_SEARCH_PATHS = (
					"$(inherited)",
					"$(PROJECT_DIR)/Carthage/Build/iOS",
				);
				INFOPLIST_FILE = Tests/Info.plist;
				LD_RUNPATH_SEARCH_PATHS = (
					"$(inherited)",
					"@executable_path/Frameworks",
					"@loader_path/Frameworks",
				);
				PRODUCT_BUNDLE_IDENTIFIER = "ch.srgssr.SRGNetwork-tests";
				PRODUCT_NAME = "$(TARGET_NAME)";
			};
			name = Release;
		};
		6F8A942920FF21EB00AA6434 /* Debug */ = {
			isa = XCBuildConfiguration;
			buildSettings = {
				ALWAYS_SEARCH_USER_PATHS = NO;
				CLANG_ANALYZER_LOCALIZABILITY_NONLOCALIZED = YES;
				CLANG_ANALYZER_NONNULL = YES;
				CLANG_ANALYZER_NUMBER_OBJECT_CONVERSION = YES_AGGRESSIVE;
				CLANG_CXX_LANGUAGE_STANDARD = "gnu++14";
				CLANG_CXX_LIBRARY = "libc++";
				CLANG_ENABLE_MODULES = YES;
				CLANG_ENABLE_OBJC_ARC = YES;
				CLANG_ENABLE_OBJC_WEAK = YES;
				CLANG_WARN_BLOCK_CAPTURE_AUTORELEASING = YES;
				CLANG_WARN_BOOL_CONVERSION = YES;
				CLANG_WARN_COMMA = YES;
				CLANG_WARN_CONSTANT_CONVERSION = YES;
				CLANG_WARN_DEPRECATED_OBJC_IMPLEMENTATIONS = YES;
				CLANG_WARN_DIRECT_OBJC_ISA_USAGE = YES_ERROR;
				CLANG_WARN_DOCUMENTATION_COMMENTS = YES;
				CLANG_WARN_EMPTY_BODY = YES;
				CLANG_WARN_ENUM_CONVERSION = YES;
				CLANG_WARN_INFINITE_RECURSION = YES;
				CLANG_WARN_INT_CONVERSION = YES;
				CLANG_WARN_NON_LITERAL_NULL_CONVERSION = YES;
				CLANG_WARN_OBJC_IMPLICIT_RETAIN_SELF = YES;
				CLANG_WARN_OBJC_LITERAL_CONVERSION = YES;
				CLANG_WARN_OBJC_ROOT_CLASS = YES_ERROR;
				CLANG_WARN_RANGE_LOOP_ANALYSIS = YES;
				CLANG_WARN_STRICT_PROTOTYPES = YES;
				CLANG_WARN_SUSPICIOUS_MOVE = YES;
				CLANG_WARN_UNGUARDED_AVAILABILITY = YES_AGGRESSIVE;
				CLANG_WARN_UNREACHABLE_CODE = YES;
				CLANG_WARN__DUPLICATE_METHOD_MATCH = YES;
				CODE_SIGN_IDENTITY = "iPhone Developer";
				COPY_PHASE_STRIP = NO;
				CURRENT_PROJECT_VERSION = 1;
				DEBUG_INFORMATION_FORMAT = dwarf;
				DYLIB_COMPATIBILITY_VERSION = 1;
				DYLIB_CURRENT_VERSION = 1;
				ENABLE_STRICT_OBJC_MSGSEND = YES;
				ENABLE_TESTABILITY = YES;
				GCC_C_LANGUAGE_STANDARD = gnu11;
				GCC_DYNAMIC_NO_PIC = NO;
				GCC_NO_COMMON_BLOCKS = YES;
				GCC_OPTIMIZATION_LEVEL = 0;
				GCC_PREPROCESSOR_DEFINITIONS = (
					"DEBUG=1",
					"$(inherited)",
				);
				GCC_WARN_64_TO_32_BIT_CONVERSION = YES;
				GCC_WARN_ABOUT_RETURN_TYPE = YES_ERROR;
				GCC_WARN_UNDECLARED_SELECTOR = YES;
				GCC_WARN_UNINITIALIZED_AUTOS = YES_AGGRESSIVE;
				GCC_WARN_UNUSED_FUNCTION = YES;
				GCC_WARN_UNUSED_VARIABLE = YES;
				IPHONEOS_DEPLOYMENT_TARGET = 9.0;
				MARKETING_VERSION = 0.2.2;
				MTL_ENABLE_DEBUG_INFO = YES;
				ONLY_ACTIVE_ARCH = YES;
				SDKROOT = iphoneos;
				TARGETED_DEVICE_FAMILY = "1,2";
			};
			name = Debug;
		};
		6F8A942A20FF21EB00AA6434 /* Release */ = {
			isa = XCBuildConfiguration;
			buildSettings = {
				ALWAYS_SEARCH_USER_PATHS = NO;
				CLANG_ANALYZER_LOCALIZABILITY_NONLOCALIZED = YES;
				CLANG_ANALYZER_NONNULL = YES;
				CLANG_ANALYZER_NUMBER_OBJECT_CONVERSION = YES_AGGRESSIVE;
				CLANG_CXX_LANGUAGE_STANDARD = "gnu++14";
				CLANG_CXX_LIBRARY = "libc++";
				CLANG_ENABLE_MODULES = YES;
				CLANG_ENABLE_OBJC_ARC = YES;
				CLANG_ENABLE_OBJC_WEAK = YES;
				CLANG_WARN_BLOCK_CAPTURE_AUTORELEASING = YES;
				CLANG_WARN_BOOL_CONVERSION = YES;
				CLANG_WARN_COMMA = YES;
				CLANG_WARN_CONSTANT_CONVERSION = YES;
				CLANG_WARN_DEPRECATED_OBJC_IMPLEMENTATIONS = YES;
				CLANG_WARN_DIRECT_OBJC_ISA_USAGE = YES_ERROR;
				CLANG_WARN_DOCUMENTATION_COMMENTS = YES;
				CLANG_WARN_EMPTY_BODY = YES;
				CLANG_WARN_ENUM_CONVERSION = YES;
				CLANG_WARN_INFINITE_RECURSION = YES;
				CLANG_WARN_INT_CONVERSION = YES;
				CLANG_WARN_NON_LITERAL_NULL_CONVERSION = YES;
				CLANG_WARN_OBJC_IMPLICIT_RETAIN_SELF = YES;
				CLANG_WARN_OBJC_LITERAL_CONVERSION = YES;
				CLANG_WARN_OBJC_ROOT_CLASS = YES_ERROR;
				CLANG_WARN_RANGE_LOOP_ANALYSIS = YES;
				CLANG_WARN_STRICT_PROTOTYPES = YES;
				CLANG_WARN_SUSPICIOUS_MOVE = YES;
				CLANG_WARN_UNGUARDED_AVAILABILITY = YES_AGGRESSIVE;
				CLANG_WARN_UNREACHABLE_CODE = YES;
				CLANG_WARN__DUPLICATE_METHOD_MATCH = YES;
				CODE_SIGN_IDENTITY = "iPhone Developer";
				COPY_PHASE_STRIP = NO;
				CURRENT_PROJECT_VERSION = 1;
				DEBUG_INFORMATION_FORMAT = "dwarf-with-dsym";
				DYLIB_COMPATIBILITY_VERSION = 1;
				DYLIB_CURRENT_VERSION = 1;
				ENABLE_NS_ASSERTIONS = NO;
				ENABLE_STRICT_OBJC_MSGSEND = YES;
				GCC_C_LANGUAGE_STANDARD = gnu11;
				GCC_NO_COMMON_BLOCKS = YES;
				GCC_WARN_64_TO_32_BIT_CONVERSION = YES;
				GCC_WARN_ABOUT_RETURN_TYPE = YES_ERROR;
				GCC_WARN_UNDECLARED_SELECTOR = YES;
				GCC_WARN_UNINITIALIZED_AUTOS = YES_AGGRESSIVE;
				GCC_WARN_UNUSED_FUNCTION = YES;
				GCC_WARN_UNUSED_VARIABLE = YES;
				IPHONEOS_DEPLOYMENT_TARGET = 9.0;
				MARKETING_VERSION = 0.2.2;
				MTL_ENABLE_DEBUG_INFO = NO;
				SDKROOT = iphoneos;
				TARGETED_DEVICE_FAMILY = "1,2";
				VALIDATE_PRODUCT = YES;
			};
			name = Release;
		};
		6F8A942C20FF21EB00AA6434 /* Debug */ = {
			isa = XCBuildConfiguration;
			buildSettings = {
				APPLICATION_EXTENSION_API_ONLY = YES;
				CODE_SIGN_IDENTITY = "";
				CODE_SIGN_STYLE = Automatic;
				DEFINES_MODULE = YES;
				DYLIB_INSTALL_NAME_BASE = "@rpath";
				FRAMEWORK_SEARCH_PATHS = (
					"$(inherited)",
					"$(PROJECT_DIR)/Carthage/Build/iOS",
				);
				INFOPLIST_FILE = Framework/Info.plist;
				INSTALL_PATH = "$(LOCAL_LIBRARY_DIR)/Frameworks";
				LD_RUNPATH_SEARCH_PATHS = (
					"$(inherited)",
					"@executable_path/Frameworks",
					"@loader_path/Frameworks",
				);
				PRODUCT_BUNDLE_IDENTIFIER = ch.srgssr.SRGNetwork;
				PRODUCT_NAME = "$(TARGET_NAME:c99extidentifier)";
				SKIP_INSTALL = YES;
				VERSIONING_SYSTEM = "apple-generic";
			};
			name = Debug;
		};
		6F8A942D20FF21EB00AA6434 /* Release */ = {
			isa = XCBuildConfiguration;
			buildSettings = {
				APPLICATION_EXTENSION_API_ONLY = YES;
				CODE_SIGN_IDENTITY = "";
				CODE_SIGN_STYLE = Automatic;
				DEFINES_MODULE = YES;
				DYLIB_INSTALL_NAME_BASE = "@rpath";
				FRAMEWORK_SEARCH_PATHS = (
					"$(inherited)",
					"$(PROJECT_DIR)/Carthage/Build/iOS",
				);
				INFOPLIST_FILE = Framework/Info.plist;
				INSTALL_PATH = "$(LOCAL_LIBRARY_DIR)/Frameworks";
				LD_RUNPATH_SEARCH_PATHS = (
					"$(inherited)",
					"@executable_path/Frameworks",
					"@loader_path/Frameworks",
				);
				PRODUCT_BUNDLE_IDENTIFIER = ch.srgssr.SRGNetwork;
				PRODUCT_NAME = "$(TARGET_NAME:c99extidentifier)";
				SKIP_INSTALL = YES;
				VERSIONING_SYSTEM = "apple-generic";
			};
			name = Release;
		};
		6F926BA5210F402E00D2E3D0 /* Debug-static */ = {
			isa = XCBuildConfiguration;
			buildSettings = {
				ALWAYS_SEARCH_USER_PATHS = NO;
				CLANG_ANALYZER_LOCALIZABILITY_NONLOCALIZED = YES;
				CLANG_ANALYZER_NONNULL = YES;
				CLANG_ANALYZER_NUMBER_OBJECT_CONVERSION = YES_AGGRESSIVE;
				CLANG_CXX_LANGUAGE_STANDARD = "gnu++14";
				CLANG_CXX_LIBRARY = "libc++";
				CLANG_ENABLE_MODULES = YES;
				CLANG_ENABLE_OBJC_ARC = YES;
				CLANG_ENABLE_OBJC_WEAK = YES;
				CLANG_WARN_BLOCK_CAPTURE_AUTORELEASING = YES;
				CLANG_WARN_BOOL_CONVERSION = YES;
				CLANG_WARN_COMMA = YES;
				CLANG_WARN_CONSTANT_CONVERSION = YES;
				CLANG_WARN_DEPRECATED_OBJC_IMPLEMENTATIONS = YES;
				CLANG_WARN_DIRECT_OBJC_ISA_USAGE = YES_ERROR;
				CLANG_WARN_DOCUMENTATION_COMMENTS = YES;
				CLANG_WARN_EMPTY_BODY = YES;
				CLANG_WARN_ENUM_CONVERSION = YES;
				CLANG_WARN_INFINITE_RECURSION = YES;
				CLANG_WARN_INT_CONVERSION = YES;
				CLANG_WARN_NON_LITERAL_NULL_CONVERSION = YES;
				CLANG_WARN_OBJC_IMPLICIT_RETAIN_SELF = YES;
				CLANG_WARN_OBJC_LITERAL_CONVERSION = YES;
				CLANG_WARN_OBJC_ROOT_CLASS = YES_ERROR;
				CLANG_WARN_RANGE_LOOP_ANALYSIS = YES;
				CLANG_WARN_STRICT_PROTOTYPES = YES;
				CLANG_WARN_SUSPICIOUS_MOVE = YES;
				CLANG_WARN_UNGUARDED_AVAILABILITY = YES_AGGRESSIVE;
				CLANG_WARN_UNREACHABLE_CODE = YES;
				CLANG_WARN__DUPLICATE_METHOD_MATCH = YES;
				CODE_SIGN_IDENTITY = "iPhone Developer";
				COPY_PHASE_STRIP = NO;
				CURRENT_PROJECT_VERSION = 1;
				DEBUG_INFORMATION_FORMAT = dwarf;
				DYLIB_COMPATIBILITY_VERSION = 1;
				DYLIB_CURRENT_VERSION = 1;
				ENABLE_STRICT_OBJC_MSGSEND = YES;
				ENABLE_TESTABILITY = YES;
				GCC_C_LANGUAGE_STANDARD = gnu11;
				GCC_DYNAMIC_NO_PIC = NO;
				GCC_NO_COMMON_BLOCKS = YES;
				GCC_OPTIMIZATION_LEVEL = 0;
				GCC_PREPROCESSOR_DEFINITIONS = (
					"DEBUG=1",
					"$(inherited)",
				);
				GCC_WARN_64_TO_32_BIT_CONVERSION = YES;
				GCC_WARN_ABOUT_RETURN_TYPE = YES_ERROR;
				GCC_WARN_UNDECLARED_SELECTOR = YES;
				GCC_WARN_UNINITIALIZED_AUTOS = YES_AGGRESSIVE;
				GCC_WARN_UNUSED_FUNCTION = YES;
				GCC_WARN_UNUSED_VARIABLE = YES;
				IPHONEOS_DEPLOYMENT_TARGET = 9.0;
				MARKETING_VERSION = 0.2.2;
				MTL_ENABLE_DEBUG_INFO = YES;
				ONLY_ACTIVE_ARCH = YES;
				SDKROOT = iphoneos;
				TARGETED_DEVICE_FAMILY = "1,2";
			};
			name = "Debug-static";
		};
		6F926BA6210F402E00D2E3D0 /* Debug-static */ = {
			isa = XCBuildConfiguration;
			buildSettings = {
				APPLICATION_EXTENSION_API_ONLY = YES;
				CLANG_ENABLE_CODE_COVERAGE = NO;
				CODE_SIGN_IDENTITY = "";
				CODE_SIGN_STYLE = Automatic;
				DEFINES_MODULE = YES;
				DYLIB_INSTALL_NAME_BASE = "@rpath";
				FRAMEWORK_SEARCH_PATHS = (
					"$(inherited)",
					"$(PROJECT_DIR)/Carthage/Build/iOS",
				);
				INFOPLIST_FILE = Framework/Info.plist;
				INSTALL_PATH = "$(LOCAL_LIBRARY_DIR)/Frameworks";
				LD_RUNPATH_SEARCH_PATHS = (
					"$(inherited)",
					"@executable_path/Frameworks",
					"@loader_path/Frameworks",
				);
				MACH_O_TYPE = staticlib;
				PRODUCT_BUNDLE_IDENTIFIER = ch.srgssr.SRGNetwork;
				PRODUCT_NAME = "$(TARGET_NAME:c99extidentifier)";
				SKIP_INSTALL = YES;
				VERSIONING_SYSTEM = "apple-generic";
			};
			name = "Debug-static";
		};
		6F926BA7210F402E00D2E3D0 /* Debug-static */ = {
			isa = XCBuildConfiguration;
			buildSettings = {
				CODE_SIGN_STYLE = Automatic;
				FRAMEWORK_SEARCH_PATHS = (
					"$(inherited)",
					"$(PROJECT_DIR)/Carthage/Build/iOS",
				);
				INFOPLIST_FILE = Tests/Info.plist;
				LD_RUNPATH_SEARCH_PATHS = (
					"$(inherited)",
					"@executable_path/Frameworks",
					"@loader_path/Frameworks",
				);
				PRODUCT_BUNDLE_IDENTIFIER = "ch.srgssr.SRGNetwork-tests";
				PRODUCT_NAME = "$(TARGET_NAME)";
			};
			name = "Debug-static";
		};
		6F926BA8210F403300D2E3D0 /* Release-static */ = {
			isa = XCBuildConfiguration;
			buildSettings = {
				ALWAYS_SEARCH_USER_PATHS = NO;
				CLANG_ANALYZER_LOCALIZABILITY_NONLOCALIZED = YES;
				CLANG_ANALYZER_NONNULL = YES;
				CLANG_ANALYZER_NUMBER_OBJECT_CONVERSION = YES_AGGRESSIVE;
				CLANG_CXX_LANGUAGE_STANDARD = "gnu++14";
				CLANG_CXX_LIBRARY = "libc++";
				CLANG_ENABLE_MODULES = YES;
				CLANG_ENABLE_OBJC_ARC = YES;
				CLANG_ENABLE_OBJC_WEAK = YES;
				CLANG_WARN_BLOCK_CAPTURE_AUTORELEASING = YES;
				CLANG_WARN_BOOL_CONVERSION = YES;
				CLANG_WARN_COMMA = YES;
				CLANG_WARN_CONSTANT_CONVERSION = YES;
				CLANG_WARN_DEPRECATED_OBJC_IMPLEMENTATIONS = YES;
				CLANG_WARN_DIRECT_OBJC_ISA_USAGE = YES_ERROR;
				CLANG_WARN_DOCUMENTATION_COMMENTS = YES;
				CLANG_WARN_EMPTY_BODY = YES;
				CLANG_WARN_ENUM_CONVERSION = YES;
				CLANG_WARN_INFINITE_RECURSION = YES;
				CLANG_WARN_INT_CONVERSION = YES;
				CLANG_WARN_NON_LITERAL_NULL_CONVERSION = YES;
				CLANG_WARN_OBJC_IMPLICIT_RETAIN_SELF = YES;
				CLANG_WARN_OBJC_LITERAL_CONVERSION = YES;
				CLANG_WARN_OBJC_ROOT_CLASS = YES_ERROR;
				CLANG_WARN_RANGE_LOOP_ANALYSIS = YES;
				CLANG_WARN_STRICT_PROTOTYPES = YES;
				CLANG_WARN_SUSPICIOUS_MOVE = YES;
				CLANG_WARN_UNGUARDED_AVAILABILITY = YES_AGGRESSIVE;
				CLANG_WARN_UNREACHABLE_CODE = YES;
				CLANG_WARN__DUPLICATE_METHOD_MATCH = YES;
				CODE_SIGN_IDENTITY = "iPhone Developer";
				COPY_PHASE_STRIP = NO;
				CURRENT_PROJECT_VERSION = 1;
				DEBUG_INFORMATION_FORMAT = "dwarf-with-dsym";
				DYLIB_COMPATIBILITY_VERSION = 1;
				DYLIB_CURRENT_VERSION = 1;
				ENABLE_NS_ASSERTIONS = NO;
				ENABLE_STRICT_OBJC_MSGSEND = YES;
				GCC_C_LANGUAGE_STANDARD = gnu11;
				GCC_NO_COMMON_BLOCKS = YES;
				GCC_WARN_64_TO_32_BIT_CONVERSION = YES;
				GCC_WARN_ABOUT_RETURN_TYPE = YES_ERROR;
				GCC_WARN_UNDECLARED_SELECTOR = YES;
				GCC_WARN_UNINITIALIZED_AUTOS = YES_AGGRESSIVE;
				GCC_WARN_UNUSED_FUNCTION = YES;
				GCC_WARN_UNUSED_VARIABLE = YES;
				IPHONEOS_DEPLOYMENT_TARGET = 9.0;
				MARKETING_VERSION = 0.2.2;
				MTL_ENABLE_DEBUG_INFO = NO;
				SDKROOT = iphoneos;
				TARGETED_DEVICE_FAMILY = "1,2";
				VALIDATE_PRODUCT = YES;
			};
			name = "Release-static";
		};
		6F926BA9210F403300D2E3D0 /* Release-static */ = {
			isa = XCBuildConfiguration;
			buildSettings = {
				APPLICATION_EXTENSION_API_ONLY = YES;
				CLANG_ENABLE_CODE_COVERAGE = NO;
				CODE_SIGN_IDENTITY = "";
				CODE_SIGN_STYLE = Automatic;
				DEFINES_MODULE = YES;
				DYLIB_INSTALL_NAME_BASE = "@rpath";
				FRAMEWORK_SEARCH_PATHS = (
					"$(inherited)",
					"$(PROJECT_DIR)/Carthage/Build/iOS",
				);
				INFOPLIST_FILE = Framework/Info.plist;
				INSTALL_PATH = "$(LOCAL_LIBRARY_DIR)/Frameworks";
				LD_RUNPATH_SEARCH_PATHS = (
					"$(inherited)",
					"@executable_path/Frameworks",
					"@loader_path/Frameworks",
				);
				MACH_O_TYPE = staticlib;
				PRODUCT_BUNDLE_IDENTIFIER = ch.srgssr.SRGNetwork;
				PRODUCT_NAME = "$(TARGET_NAME:c99extidentifier)";
				SKIP_INSTALL = YES;
				VERSIONING_SYSTEM = "apple-generic";
			};
			name = "Release-static";
		};
		6F926BAA210F403300D2E3D0 /* Release-static */ = {
			isa = XCBuildConfiguration;
			buildSettings = {
				CODE_SIGN_STYLE = Automatic;
				FRAMEWORK_SEARCH_PATHS = (
					"$(inherited)",
					"$(PROJECT_DIR)/Carthage/Build/iOS",
				);
				INFOPLIST_FILE = Tests/Info.plist;
				LD_RUNPATH_SEARCH_PATHS = (
					"$(inherited)",
					"@executable_path/Frameworks",
					"@loader_path/Frameworks",
				);
				PRODUCT_BUNDLE_IDENTIFIER = "ch.srgssr.SRGNetwork-tests";
				PRODUCT_NAME = "$(TARGET_NAME)";
			};
			name = "Release-static";
		};
		6F926BB3210F406D00D2E3D0 /* Debug */ = {
			isa = XCBuildConfiguration;
			buildSettings = {
				CODE_SIGN_IDENTITY = "-";
				CODE_SIGN_STYLE = Automatic;
				INFOPLIST_FILE = Framework/Resources/Info.plist;
				INSTALL_PATH = "$(LOCAL_LIBRARY_DIR)/Bundles";
				PRODUCT_BUNDLE_IDENTIFIER = "ch.srgssr.SRGNetwork-resources";
				PRODUCT_NAME = SRGNetwork;
				SKIP_INSTALL = YES;
				WRAPPER_EXTENSION = bundle;
			};
			name = Debug;
		};
		6F926BB4210F406D00D2E3D0 /* Debug-static */ = {
			isa = XCBuildConfiguration;
			buildSettings = {
				CODE_SIGN_IDENTITY = "-";
				CODE_SIGN_STYLE = Automatic;
				INFOPLIST_FILE = Framework/Resources/Info.plist;
				INSTALL_PATH = "$(LOCAL_LIBRARY_DIR)/Bundles";
				PRODUCT_BUNDLE_IDENTIFIER = "ch.srgssr.SRGNetwork-resources";
				PRODUCT_NAME = SRGNetwork;
				SKIP_INSTALL = YES;
				WRAPPER_EXTENSION = bundle;
			};
			name = "Debug-static";
		};
		6F926BB5210F406D00D2E3D0 /* Release */ = {
			isa = XCBuildConfiguration;
			buildSettings = {
				CODE_SIGN_IDENTITY = "-";
				CODE_SIGN_STYLE = Automatic;
				INFOPLIST_FILE = Framework/Resources/Info.plist;
				INSTALL_PATH = "$(LOCAL_LIBRARY_DIR)/Bundles";
				PRODUCT_BUNDLE_IDENTIFIER = "ch.srgssr.SRGNetwork-resources";
				PRODUCT_NAME = SRGNetwork;
				SKIP_INSTALL = YES;
				WRAPPER_EXTENSION = bundle;
			};
			name = Release;
		};
		6F926BB6210F406D00D2E3D0 /* Release-static */ = {
			isa = XCBuildConfiguration;
			buildSettings = {
				CODE_SIGN_IDENTITY = "-";
				CODE_SIGN_STYLE = Automatic;
				INFOPLIST_FILE = Framework/Resources/Info.plist;
				INSTALL_PATH = "$(LOCAL_LIBRARY_DIR)/Bundles";
				PRODUCT_BUNDLE_IDENTIFIER = "ch.srgssr.SRGNetwork-resources";
				PRODUCT_NAME = SRGNetwork;
				SKIP_INSTALL = YES;
				WRAPPER_EXTENSION = bundle;
			};
			name = "Release-static";
		};
/* End XCBuildConfiguration section */

/* Begin XCConfigurationList section */
		6F6A09FA2101BD11004568BD /* Build configuration list for PBXNativeTarget "SRGNetwork-tests" */ = {
			isa = XCConfigurationList;
			buildConfigurations = (
				6F6A09FB2101BD11004568BD /* Debug */,
				6F926BA7210F402E00D2E3D0 /* Debug-static */,
				6F6A09FC2101BD11004568BD /* Release */,
				6F926BAA210F403300D2E3D0 /* Release-static */,
			);
			defaultConfigurationIsVisible = 0;
			defaultConfigurationName = Release;
		};
		6F8A941D20FF21EB00AA6434 /* Build configuration list for PBXProject "SRGNetwork" */ = {
			isa = XCConfigurationList;
			buildConfigurations = (
				6F8A942920FF21EB00AA6434 /* Debug */,
				6F926BA5210F402E00D2E3D0 /* Debug-static */,
				6F8A942A20FF21EB00AA6434 /* Release */,
				6F926BA8210F403300D2E3D0 /* Release-static */,
			);
			defaultConfigurationIsVisible = 0;
			defaultConfigurationName = Release;
		};
		6F8A942B20FF21EB00AA6434 /* Build configuration list for PBXNativeTarget "SRGNetwork" */ = {
			isa = XCConfigurationList;
			buildConfigurations = (
				6F8A942C20FF21EB00AA6434 /* Debug */,
				6F926BA6210F402E00D2E3D0 /* Debug-static */,
				6F8A942D20FF21EB00AA6434 /* Release */,
				6F926BA9210F403300D2E3D0 /* Release-static */,
			);
			defaultConfigurationIsVisible = 0;
			defaultConfigurationName = Release;
		};
		6F926BB2210F406D00D2E3D0 /* Build configuration list for PBXNativeTarget "SRGNetwork-resources" */ = {
			isa = XCConfigurationList;
			buildConfigurations = (
				6F926BB3210F406D00D2E3D0 /* Debug */,
				6F926BB4210F406D00D2E3D0 /* Debug-static */,
				6F926BB5210F406D00D2E3D0 /* Release */,
				6F926BB6210F406D00D2E3D0 /* Release-static */,
			);
			defaultConfigurationIsVisible = 0;
			defaultConfigurationName = Release;
		};
/* End XCConfigurationList section */
	};
	rootObject = 6F8A941A20FF21EB00AA6434 /* Project object */;
}
