// !$*UTF8*$!
{
	archiveVersion = 1;
	classes = {
	};
	objectVersion = 50;
	objects = {

/* Begin PBXBuildFile section */
		6F6A09F72101BD11004568BD /* SRGNetwork.framework in Frameworks */ = {isa = PBXBuildFile; fileRef = 6F8A942320FF21EB00AA6434 /* SRGNetwork.framework */; };
		6F6A0A012101BEB7004568BD /* SRGNetworkRequestTestCase.m in Sources */ = {isa = PBXBuildFile; fileRef = 6F6A09FF2101BEB7004568BD /* SRGNetworkRequestTestCase.m */; };
		6F8A94432100566F00AA6434 /* SRGNetworkRequest.h in Headers */ = {isa = PBXBuildFile; fileRef = 6F8A943B2100566F00AA6434 /* SRGNetworkRequest.h */; settings = {ATTRIBUTES = (Public, ); }; };
		6F8A94442100566F00AA6434 /* SRGNetwork.h in Headers */ = {isa = PBXBuildFile; fileRef = 6F8A943C2100566F00AA6434 /* SRGNetwork.h */; settings = {ATTRIBUTES = (Public, ); }; };
		6F8A94452100566F00AA6434 /* SRGNetworkRequest.m in Sources */ = {isa = PBXBuildFile; fileRef = 6F8A943D2100566F00AA6434 /* SRGNetworkRequest.m */; };
		6F8A94462100566F00AA6434 /* NSBundle+SRGNetwork.h in Headers */ = {isa = PBXBuildFile; fileRef = 6F8A943F2100566F00AA6434 /* NSBundle+SRGNetwork.h */; };
		6F8A94472100566F00AA6434 /* NSBundle+SRGNetwork.m in Sources */ = {isa = PBXBuildFile; fileRef = 6F8A94402100566F00AA6434 /* NSBundle+SRGNetwork.m */; };
		6F8A94482100566F00AA6434 /* SRGNetwork.m in Sources */ = {isa = PBXBuildFile; fileRef = 6F8A94412100566F00AA6434 /* SRGNetwork.m */; };
		6F8A944C2100589E00AA6434 /* NSHTTPURLResponse+SRGNetwork.m in Sources */ = {isa = PBXBuildFile; fileRef = 6F8A944A2100589E00AA6434 /* NSHTTPURLResponse+SRGNetwork.m */; };
		6F8A944D2100589E00AA6434 /* NSHTTPURLResponse+SRGNetwork.h in Headers */ = {isa = PBXBuildFile; fileRef = 6F8A944B2100589E00AA6434 /* NSHTTPURLResponse+SRGNetwork.h */; settings = {ATTRIBUTES = (Public, ); }; };
		6F8A945021005D9400AA6434 /* SRGNetworkError.m in Sources */ = {isa = PBXBuildFile; fileRef = 6F8A944E21005D9400AA6434 /* SRGNetworkError.m */; };
		6F8A945121005D9400AA6434 /* SRGNetworkError.h in Headers */ = {isa = PBXBuildFile; fileRef = 6F8A944F21005D9400AA6434 /* SRGNetworkError.h */; settings = {ATTRIBUTES = (Public, ); }; };
/* End PBXBuildFile section */

/* Begin PBXContainerItemProxy section */
		6F6A09F82101BD11004568BD /* PBXContainerItemProxy */ = {
			isa = PBXContainerItemProxy;
			containerPortal = 6F8A941A20FF21EB00AA6434 /* Project object */;
			proxyType = 1;
			remoteGlobalIDString = 6F8A942220FF21EB00AA6434;
			remoteInfo = SRGNetwork;
		};
/* End PBXContainerItemProxy section */

/* Begin PBXFileReference section */
		6F6A09F22101BD11004568BD /* SRGNetwork-tests.xctest */ = {isa = PBXFileReference; explicitFileType = wrapper.cfbundle; includeInIndex = 0; path = "SRGNetwork-tests.xctest"; sourceTree = BUILT_PRODUCTS_DIR; };
		6F6A09FF2101BEB7004568BD /* SRGNetworkRequestTestCase.m */ = {isa = PBXFileReference; fileEncoding = 4; lastKnownFileType = sourcecode.c.objc; path = SRGNetworkRequestTestCase.m; sourceTree = "<group>"; };
		6F6A0A002101BEB7004568BD /* Info.plist */ = {isa = PBXFileReference; fileEncoding = 4; lastKnownFileType = text.plist.xml; path = Info.plist; sourceTree = "<group>"; };
		6F8A942320FF21EB00AA6434 /* SRGNetwork.framework */ = {isa = PBXFileReference; explicitFileType = wrapper.framework; includeInIndex = 0; path = SRGNetwork.framework; sourceTree = BUILT_PRODUCTS_DIR; };
		6F8A943B2100566F00AA6434 /* SRGNetworkRequest.h */ = {isa = PBXFileReference; fileEncoding = 4; lastKnownFileType = sourcecode.c.h; path = SRGNetworkRequest.h; sourceTree = "<group>"; };
		6F8A943C2100566F00AA6434 /* SRGNetwork.h */ = {isa = PBXFileReference; fileEncoding = 4; lastKnownFileType = sourcecode.c.h; path = SRGNetwork.h; sourceTree = "<group>"; };
		6F8A943D2100566F00AA6434 /* SRGNetworkRequest.m */ = {isa = PBXFileReference; fileEncoding = 4; lastKnownFileType = sourcecode.c.objc; path = SRGNetworkRequest.m; sourceTree = "<group>"; };
		6F8A943F2100566F00AA6434 /* NSBundle+SRGNetwork.h */ = {isa = PBXFileReference; fileEncoding = 4; lastKnownFileType = sourcecode.c.h; path = "NSBundle+SRGNetwork.h"; sourceTree = "<group>"; };
		6F8A94402100566F00AA6434 /* NSBundle+SRGNetwork.m */ = {isa = PBXFileReference; fileEncoding = 4; lastKnownFileType = sourcecode.c.objc; path = "NSBundle+SRGNetwork.m"; sourceTree = "<group>"; };
		6F8A94412100566F00AA6434 /* SRGNetwork.m */ = {isa = PBXFileReference; fileEncoding = 4; lastKnownFileType = sourcecode.c.objc; path = SRGNetwork.m; sourceTree = "<group>"; };
		6F8A94422100566F00AA6434 /* Info.plist */ = {isa = PBXFileReference; fileEncoding = 4; lastKnownFileType = text.plist.xml; path = Info.plist; sourceTree = "<group>"; };
		6F8A944A2100589E00AA6434 /* NSHTTPURLResponse+SRGNetwork.m */ = {isa = PBXFileReference; fileEncoding = 4; lastKnownFileType = sourcecode.c.objc; path = "NSHTTPURLResponse+SRGNetwork.m"; sourceTree = "<group>"; };
		6F8A944B2100589E00AA6434 /* NSHTTPURLResponse+SRGNetwork.h */ = {isa = PBXFileReference; fileEncoding = 4; lastKnownFileType = sourcecode.c.h; path = "NSHTTPURLResponse+SRGNetwork.h"; sourceTree = "<group>"; };
		6F8A944E21005D9400AA6434 /* SRGNetworkError.m */ = {isa = PBXFileReference; fileEncoding = 4; lastKnownFileType = sourcecode.c.objc; path = SRGNetworkError.m; sourceTree = "<group>"; };
		6F8A944F21005D9400AA6434 /* SRGNetworkError.h */ = {isa = PBXFileReference; fileEncoding = 4; lastKnownFileType = sourcecode.c.h; path = SRGNetworkError.h; sourceTree = "<group>"; };
/* End PBXFileReference section */

/* Begin PBXFrameworksBuildPhase section */
		6F6A09EF2101BD11004568BD /* Frameworks */ = {
			isa = PBXFrameworksBuildPhase;
			buildActionMask = 2147483647;
			files = (
				6F6A09F72101BD11004568BD /* SRGNetwork.framework in Frameworks */,
			);
			runOnlyForDeploymentPostprocessing = 0;
		};
		6F8A941F20FF21EB00AA6434 /* Frameworks */ = {
			isa = PBXFrameworksBuildPhase;
			buildActionMask = 2147483647;
			files = (
			);
			runOnlyForDeploymentPostprocessing = 0;
		};
/* End PBXFrameworksBuildPhase section */

/* Begin PBXGroup section */
		6F6A09FD2101BEB7004568BD /* Tests */ = {
			isa = PBXGroup;
			children = (
				6F6A09FE2101BEB7004568BD /* Sources */,
				6F6A0A002101BEB7004568BD /* Info.plist */,
			);
			path = Tests;
			sourceTree = "<group>";
		};
		6F6A09FE2101BEB7004568BD /* Sources */ = {
			isa = PBXGroup;
			children = (
				6F6A09FF2101BEB7004568BD /* SRGNetworkRequestTestCase.m */,
			);
			path = Sources;
			sourceTree = "<group>";
		};
		6F8A941920FF21EB00AA6434 = {
			isa = PBXGroup;
			children = (
				6F8A94392100566F00AA6434 /* Framework */,
				6F6A09FD2101BEB7004568BD /* Tests */,
				6F8A942420FF21EB00AA6434 /* Products */,
			);
			sourceTree = "<group>";
		};
		6F8A942420FF21EB00AA6434 /* Products */ = {
			isa = PBXGroup;
			children = (
				6F8A942320FF21EB00AA6434 /* SRGNetwork.framework */,
				6F6A09F22101BD11004568BD /* SRGNetwork-tests.xctest */,
			);
			name = Products;
			sourceTree = "<group>";
		};
		6F8A94392100566F00AA6434 /* Framework */ = {
			isa = PBXGroup;
			children = (
				6F8A943A2100566F00AA6434 /* Sources */,
				6F8A94422100566F00AA6434 /* Info.plist */,
			);
			path = Framework;
			sourceTree = "<group>";
		};
		6F8A943A2100566F00AA6434 /* Sources */ = {
			isa = PBXGroup;
			children = (
				6F8A943E2100566F00AA6434 /* Categories */,
				6F8A943C2100566F00AA6434 /* SRGNetwork.h */,
				6F8A94412100566F00AA6434 /* SRGNetwork.m */,
				6F8A944F21005D9400AA6434 /* SRGNetworkError.h */,
				6F8A944E21005D9400AA6434 /* SRGNetworkError.m */,
				6F8A943B2100566F00AA6434 /* SRGNetworkRequest.h */,
				6F8A943D2100566F00AA6434 /* SRGNetworkRequest.m */,
			);
			path = Sources;
			sourceTree = "<group>";
		};
		6F8A943E2100566F00AA6434 /* Categories */ = {
			isa = PBXGroup;
			children = (
				6F8A943F2100566F00AA6434 /* NSBundle+SRGNetwork.h */,
				6F8A94402100566F00AA6434 /* NSBundle+SRGNetwork.m */,
				6F8A944B2100589E00AA6434 /* NSHTTPURLResponse+SRGNetwork.h */,
				6F8A944A2100589E00AA6434 /* NSHTTPURLResponse+SRGNetwork.m */,
			);
			path = Categories;
			sourceTree = "<group>";
		};
/* End PBXGroup section */

/* Begin PBXHeadersBuildPhase section */
		6F8A942020FF21EB00AA6434 /* Headers */ = {
			isa = PBXHeadersBuildPhase;
			buildActionMask = 2147483647;
			files = (
				6F8A944D2100589E00AA6434 /* NSHTTPURLResponse+SRGNetwork.h in Headers */,
				6F8A945121005D9400AA6434 /* SRGNetworkError.h in Headers */,
				6F8A94442100566F00AA6434 /* SRGNetwork.h in Headers */,
				6F8A94462100566F00AA6434 /* NSBundle+SRGNetwork.h in Headers */,
				6F8A94432100566F00AA6434 /* SRGNetworkRequest.h in Headers */,
			);
			runOnlyForDeploymentPostprocessing = 0;
		};
/* End PBXHeadersBuildPhase section */

/* Begin PBXNativeTarget section */
		6F6A09F12101BD11004568BD /* SRGNetwork-tests */ = {
			isa = PBXNativeTarget;
			buildConfigurationList = 6F6A09FA2101BD11004568BD /* Build configuration list for PBXNativeTarget "SRGNetwork-tests" */;
			buildPhases = (
				6F6A09EE2101BD11004568BD /* Sources */,
				6F6A09EF2101BD11004568BD /* Frameworks */,
				6F6A09F02101BD11004568BD /* Resources */,
			);
			buildRules = (
			);
			dependencies = (
				6F6A09F92101BD11004568BD /* PBXTargetDependency */,
			);
			name = "SRGNetwork-tests";
			productName = "SRGNetwork-tests";
			productReference = 6F6A09F22101BD11004568BD /* SRGNetwork-tests.xctest */;
			productType = "com.apple.product-type.bundle.unit-test";
		};
		6F8A942220FF21EB00AA6434 /* SRGNetwork */ = {
			isa = PBXNativeTarget;
			buildConfigurationList = 6F8A942B20FF21EB00AA6434 /* Build configuration list for PBXNativeTarget "SRGNetwork" */;
			buildPhases = (
				6F8A941E20FF21EB00AA6434 /* Sources */,
				6F8A941F20FF21EB00AA6434 /* Frameworks */,
				6F8A942020FF21EB00AA6434 /* Headers */,
				6F8A942120FF21EB00AA6434 /* Resources */,
			);
			buildRules = (
			);
			dependencies = (
			);
			name = SRGNetwork;
			productName = SRGNetwork;
			productReference = 6F8A942320FF21EB00AA6434 /* SRGNetwork.framework */;
			productType = "com.apple.product-type.framework";
		};
/* End PBXNativeTarget section */

/* Begin PBXProject section */
		6F8A941A20FF21EB00AA6434 /* Project object */ = {
			isa = PBXProject;
			attributes = {
				LastUpgradeCheck = 0940;
				ORGANIZATIONNAME = "SRG SSR";
				TargetAttributes = {
					6F6A09F12101BD11004568BD = {
						CreatedOnToolsVersion = 9.4;
					};
					6F8A942220FF21EB00AA6434 = {
						CreatedOnToolsVersion = 9.4;
					};
				};
			};
			buildConfigurationList = 6F8A941D20FF21EB00AA6434 /* Build configuration list for PBXProject "SRGNetwork" */;
			compatibilityVersion = "Xcode 9.3";
			developmentRegion = en;
			hasScannedForEncodings = 0;
			knownRegions = (
				en,
			);
			mainGroup = 6F8A941920FF21EB00AA6434;
			productRefGroup = 6F8A942420FF21EB00AA6434 /* Products */;
			projectDirPath = "";
			projectRoot = "";
			targets = (
				6F8A942220FF21EB00AA6434 /* SRGNetwork */,
				6F6A09F12101BD11004568BD /* SRGNetwork-tests */,
			);
		};
/* End PBXProject section */

/* Begin PBXResourcesBuildPhase section */
		6F6A09F02101BD11004568BD /* Resources */ = {
			isa = PBXResourcesBuildPhase;
			buildActionMask = 2147483647;
			files = (
			);
			runOnlyForDeploymentPostprocessing = 0;
		};
		6F8A942120FF21EB00AA6434 /* Resources */ = {
			isa = PBXResourcesBuildPhase;
			buildActionMask = 2147483647;
			files = (
			);
			runOnlyForDeploymentPostprocessing = 0;
		};
/* End PBXResourcesBuildPhase section */

/* Begin PBXSourcesBuildPhase section */
		6F6A09EE2101BD11004568BD /* Sources */ = {
			isa = PBXSourcesBuildPhase;
			buildActionMask = 2147483647;
			files = (
				6F6A0A012101BEB7004568BD /* SRGNetworkRequestTestCase.m in Sources */,
			);
			runOnlyForDeploymentPostprocessing = 0;
		};
		6F8A941E20FF21EB00AA6434 /* Sources */ = {
			isa = PBXSourcesBuildPhase;
			buildActionMask = 2147483647;
			files = (
				6F8A94472100566F00AA6434 /* NSBundle+SRGNetwork.m in Sources */,
				6F8A945021005D9400AA6434 /* SRGNetworkError.m in Sources */,
				6F8A944C2100589E00AA6434 /* NSHTTPURLResponse+SRGNetwork.m in Sources */,
				6F8A94482100566F00AA6434 /* SRGNetwork.m in Sources */,
				6F8A94452100566F00AA6434 /* SRGNetworkRequest.m in Sources */,
			);
			runOnlyForDeploymentPostprocessing = 0;
		};
/* End PBXSourcesBuildPhase section */

/* Begin PBXTargetDependency section */
		6F6A09F92101BD11004568BD /* PBXTargetDependency */ = {
			isa = PBXTargetDependency;
			target = 6F8A942220FF21EB00AA6434 /* SRGNetwork */;
			targetProxy = 6F6A09F82101BD11004568BD /* PBXContainerItemProxy */;
		};
/* End PBXTargetDependency section */

/* Begin XCBuildConfiguration section */
		6F6A09FB2101BD11004568BD /* Debug */ = {
			isa = XCBuildConfiguration;
			buildSettings = {
				CODE_SIGN_STYLE = Automatic;
				INFOPLIST_FILE = Tests/Info.plist;
				IPHONEOS_DEPLOYMENT_TARGET = 11.4;
				LD_RUNPATH_SEARCH_PATHS = (
					"$(inherited)",
					"@executable_path/Frameworks",
					"@loader_path/Frameworks",
				);
				PRODUCT_BUNDLE_IDENTIFIER = "ch.srgssr.SRGNetwork-tests";
				PRODUCT_NAME = "$(TARGET_NAME)";
				TARGETED_DEVICE_FAMILY = "1,2";
			};
			name = Debug;
		};
		6F6A09FC2101BD11004568BD /* Release */ = {
			isa = XCBuildConfiguration;
			buildSettings = {
				CODE_SIGN_STYLE = Automatic;
				INFOPLIST_FILE = Tests/Info.plist;
				IPHONEOS_DEPLOYMENT_TARGET = 11.4;
				LD_RUNPATH_SEARCH_PATHS = (
					"$(inherited)",
					"@executable_path/Frameworks",
					"@loader_path/Frameworks",
				);
				PRODUCT_BUNDLE_IDENTIFIER = "ch.srgssr.SRGNetwork-tests";
				PRODUCT_NAME = "$(TARGET_NAME)";
				TARGETED_DEVICE_FAMILY = "1,2";
			};
			name = Release;
		};
		6F8A942920FF21EB00AA6434 /* Debug */ = {
			isa = XCBuildConfiguration;
			buildSettings = {
				ALWAYS_SEARCH_USER_PATHS = NO;
				CLANG_ANALYZER_NONNULL = YES;
				CLANG_ANALYZER_NUMBER_OBJECT_CONVERSION = YES_AGGRESSIVE;
				CLANG_CXX_LANGUAGE_STANDARD = "gnu++14";
				CLANG_CXX_LIBRARY = "libc++";
				CLANG_ENABLE_MODULES = YES;
				CLANG_ENABLE_OBJC_ARC = YES;
				CLANG_ENABLE_OBJC_WEAK = YES;
				CLANG_WARN_BLOCK_CAPTURE_AUTORELEASING = YES;
				CLANG_WARN_BOOL_CONVERSION = YES;
				CLANG_WARN_COMMA = YES;
				CLANG_WARN_CONSTANT_CONVERSION = YES;
				CLANG_WARN_DEPRECATED_OBJC_IMPLEMENTATIONS = YES;
				CLANG_WARN_DIRECT_OBJC_ISA_USAGE = YES_ERROR;
				CLANG_WARN_DOCUMENTATION_COMMENTS = YES;
				CLANG_WARN_EMPTY_BODY = YES;
				CLANG_WARN_ENUM_CONVERSION = YES;
				CLANG_WARN_INFINITE_RECURSION = YES;
				CLANG_WARN_INT_CONVERSION = YES;
				CLANG_WARN_NON_LITERAL_NULL_CONVERSION = YES;
				CLANG_WARN_OBJC_IMPLICIT_RETAIN_SELF = YES;
				CLANG_WARN_OBJC_LITERAL_CONVERSION = YES;
				CLANG_WARN_OBJC_ROOT_CLASS = YES_ERROR;
				CLANG_WARN_RANGE_LOOP_ANALYSIS = YES;
				CLANG_WARN_STRICT_PROTOTYPES = YES;
				CLANG_WARN_SUSPICIOUS_MOVE = YES;
				CLANG_WARN_UNGUARDED_AVAILABILITY = YES_AGGRESSIVE;
				CLANG_WARN_UNREACHABLE_CODE = YES;
				CLANG_WARN__DUPLICATE_METHOD_MATCH = YES;
				CODE_SIGN_IDENTITY = "iPhone Developer";
				COPY_PHASE_STRIP = NO;
				CURRENT_PROJECT_VERSION = 1;
				DEBUG_INFORMATION_FORMAT = dwarf;
				ENABLE_STRICT_OBJC_MSGSEND = YES;
				ENABLE_TESTABILITY = YES;
				GCC_C_LANGUAGE_STANDARD = gnu11;
				GCC_DYNAMIC_NO_PIC = NO;
				GCC_NO_COMMON_BLOCKS = YES;
				GCC_OPTIMIZATION_LEVEL = 0;
				GCC_PREPROCESSOR_DEFINITIONS = (
					"DEBUG=1",
					"$(inherited)",
				);
				GCC_WARN_64_TO_32_BIT_CONVERSION = YES;
				GCC_WARN_ABOUT_RETURN_TYPE = YES_ERROR;
				GCC_WARN_UNDECLARED_SELECTOR = YES;
				GCC_WARN_UNINITIALIZED_AUTOS = YES_AGGRESSIVE;
				GCC_WARN_UNUSED_FUNCTION = YES;
				GCC_WARN_UNUSED_VARIABLE = YES;
				IPHONEOS_DEPLOYMENT_TARGET = 9.0;
				MARKETING_VERSION = 0.1;
				MTL_ENABLE_DEBUG_INFO = YES;
				ONLY_ACTIVE_ARCH = YES;
				SDKROOT = iphoneos;
				VERSIONING_SYSTEM = "apple-generic";
				VERSION_INFO_PREFIX = "";
			};
			name = Debug;
		};
		6F8A942A20FF21EB00AA6434 /* Release */ = {
			isa = XCBuildConfiguration;
			buildSettings = {
				ALWAYS_SEARCH_USER_PATHS = NO;
				CLANG_ANALYZER_NONNULL = YES;
				CLANG_ANALYZER_NUMBER_OBJECT_CONVERSION = YES_AGGRESSIVE;
				CLANG_CXX_LANGUAGE_STANDARD = "gnu++14";
				CLANG_CXX_LIBRARY = "libc++";
				CLANG_ENABLE_MODULES = YES;
				CLANG_ENABLE_OBJC_ARC = YES;
				CLANG_ENABLE_OBJC_WEAK = YES;
				CLANG_WARN_BLOCK_CAPTURE_AUTORELEASING = YES;
				CLANG_WARN_BOOL_CONVERSION = YES;
				CLANG_WARN_COMMA = YES;
				CLANG_WARN_CONSTANT_CONVERSION = YES;
				CLANG_WARN_DEPRECATED_OBJC_IMPLEMENTATIONS = YES;
				CLANG_WARN_DIRECT_OBJC_ISA_USAGE = YES_ERROR;
				CLANG_WARN_DOCUMENTATION_COMMENTS = YES;
				CLANG_WARN_EMPTY_BODY = YES;
				CLANG_WARN_ENUM_CONVERSION = YES;
				CLANG_WARN_INFINITE_RECURSION = YES;
				CLANG_WARN_INT_CONVERSION = YES;
				CLANG_WARN_NON_LITERAL_NULL_CONVERSION = YES;
				CLANG_WARN_OBJC_IMPLICIT_RETAIN_SELF = YES;
				CLANG_WARN_OBJC_LITERAL_CONVERSION = YES;
				CLANG_WARN_OBJC_ROOT_CLASS = YES_ERROR;
				CLANG_WARN_RANGE_LOOP_ANALYSIS = YES;
				CLANG_WARN_STRICT_PROTOTYPES = YES;
				CLANG_WARN_SUSPICIOUS_MOVE = YES;
				CLANG_WARN_UNGUARDED_AVAILABILITY = YES_AGGRESSIVE;
				CLANG_WARN_UNREACHABLE_CODE = YES;
				CLANG_WARN__DUPLICATE_METHOD_MATCH = YES;
				CODE_SIGN_IDENTITY = "iPhone Developer";
				COPY_PHASE_STRIP = NO;
				CURRENT_PROJECT_VERSION = 1;
				DEBUG_INFORMATION_FORMAT = "dwarf-with-dsym";
				ENABLE_NS_ASSERTIONS = NO;
				ENABLE_STRICT_OBJC_MSGSEND = YES;
				GCC_C_LANGUAGE_STANDARD = gnu11;
				GCC_NO_COMMON_BLOCKS = YES;
				GCC_WARN_64_TO_32_BIT_CONVERSION = YES;
				GCC_WARN_ABOUT_RETURN_TYPE = YES_ERROR;
				GCC_WARN_UNDECLARED_SELECTOR = YES;
				GCC_WARN_UNINITIALIZED_AUTOS = YES_AGGRESSIVE;
				GCC_WARN_UNUSED_FUNCTION = YES;
				GCC_WARN_UNUSED_VARIABLE = YES;
				IPHONEOS_DEPLOYMENT_TARGET = 9.0;
				MARKETING_VERSION = 0.1;
				MTL_ENABLE_DEBUG_INFO = NO;
				SDKROOT = iphoneos;
				VALIDATE_PRODUCT = YES;
				VERSIONING_SYSTEM = "apple-generic";
				VERSION_INFO_PREFIX = "";
			};
			name = Release;
		};
		6F8A942C20FF21EB00AA6434 /* Debug */ = {
			isa = XCBuildConfiguration;
			buildSettings = {
				APPLICATION_EXTENSION_API_ONLY = YES;
				CODE_SIGN_IDENTITY = "";
				CODE_SIGN_STYLE = Automatic;
				DEFINES_MODULE = YES;
				DYLIB_COMPATIBILITY_VERSION = 1;
				DYLIB_CURRENT_VERSION = 1;
				DYLIB_INSTALL_NAME_BASE = "@rpath";
				INFOPLIST_FILE = Framework/Info.plist;
				INSTALL_PATH = "$(LOCAL_LIBRARY_DIR)/Frameworks";
				LD_RUNPATH_SEARCH_PATHS = (
					"$(inherited)",
					"@executable_path/Frameworks",
					"@loader_path/Frameworks",
				);
				PRODUCT_BUNDLE_IDENTIFIER = ch.srgssr.SRGNetwork;
				PRODUCT_NAME = "$(TARGET_NAME:c99extidentifier)";
				SKIP_INSTALL = YES;
				TARGETED_DEVICE_FAMILY = "1,2";
			};
			name = Debug;
		};
		6F8A942D20FF21EB00AA6434 /* Release */ = {
			isa = XCBuildConfiguration;
			buildSettings = {
				APPLICATION_EXTENSION_API_ONLY = YES;
				CODE_SIGN_IDENTITY = "";
				CODE_SIGN_STYLE = Automatic;
				DEFINES_MODULE = YES;
				DYLIB_COMPATIBILITY_VERSION = 1;
				DYLIB_CURRENT_VERSION = 1;
				DYLIB_INSTALL_NAME_BASE = "@rpath";
				INFOPLIST_FILE = Framework/Info.plist;
				INSTALL_PATH = "$(LOCAL_LIBRARY_DIR)/Frameworks";
				LD_RUNPATH_SEARCH_PATHS = (
					"$(inherited)",
					"@executable_path/Frameworks",
					"@loader_path/Frameworks",
				);
				PRODUCT_BUNDLE_IDENTIFIER = ch.srgssr.SRGNetwork;
				PRODUCT_NAME = "$(TARGET_NAME:c99extidentifier)";
				SKIP_INSTALL = YES;
				TARGETED_DEVICE_FAMILY = "1,2";
			};
			name = Release;
		};
/* End XCBuildConfiguration section */

/* Begin XCConfigurationList section */
		6F6A09FA2101BD11004568BD /* Build configuration list for PBXNativeTarget "SRGNetwork-tests" */ = {
			isa = XCConfigurationList;
			buildConfigurations = (
				6F6A09FB2101BD11004568BD /* Debug */,
				6F6A09FC2101BD11004568BD /* Release */,
			);
			defaultConfigurationIsVisible = 0;
			defaultConfigurationName = Release;
		};
		6F8A941D20FF21EB00AA6434 /* Build configuration list for PBXProject "SRGNetwork" */ = {
			isa = XCConfigurationList;
			buildConfigurations = (
				6F8A942920FF21EB00AA6434 /* Debug */,
				6F8A942A20FF21EB00AA6434 /* Release */,
			);
			defaultConfigurationIsVisible = 0;
			defaultConfigurationName = Release;
		};
		6F8A942B20FF21EB00AA6434 /* Build configuration list for PBXNativeTarget "SRGNetwork" */ = {
			isa = XCConfigurationList;
			buildConfigurations = (
				6F8A942C20FF21EB00AA6434 /* Debug */,
				6F8A942D20FF21EB00AA6434 /* Release */,
			);
			defaultConfigurationIsVisible = 0;
			defaultConfigurationName = Release;
		};
/* End XCConfigurationList section */
	};
	rootObject = 6F8A941A20FF21EB00AA6434 /* Project object */;
}
